{
  "name": "ccglass",
  "version": "0.2.2",
  "lockfileVersion": 3,
  "requires": true,
  "packages": {
    "": {
      "name": "ccglass",
      "version": "0.2.2",
      "license": "MIT",
      "dependencies": {
        "ccglass": "^0.1.0"
      },
      "bin": {
        "ccglass": "bin/ccglass.js"
      },
      "engines": {
        "node": ">=18"
      }
    },
    "node_modules/ccglass": {
      "version": "0.1.0",
      "resolved": "https://registry.npmjs.org/ccglass/-/ccglass-0.1.0.tgz",
      "integrity": "sha512-m4e+jrl/Xn6CPTzIiBRmOj2Uw5gTxcYgbVk9p1r/QNttsbkbdgqtWlP0Q9PuHVPTUC6ZinTSbXOCLuMdvZ7mnw==",
      "license": "MIT",
      "bin": {
        "ccglass": "bin/ccglass.js"
      },
      "engines": {
        "node": ">=18"
      }
    }
  }
}
